
Microsoft Visual Studio Solution File, Format Version 12.00
# Visual Studio Version 17
VisualStudioVersion = 17.8.34525.116
MinimumVisualStudioVersion = 10.0.40219.1
Project("{FAE04EC0-301F-11D3-BF4B-00C04F79EFBC}") = "Lista_1_ex3", "Lista_1_ex3\Lista_1_ex3.csproj", "{346A6C90-DDA0-49F5-801E-CDC044C5E072}"
EndProject
Global
	GlobalSection(SolutionConfigurationPlatforms) = preSolution
		Debug|Any CPU = Debug|Any CPU
		Release|Any CPU = Release|Any CPU
	EndGlobalSection
	GlobalSection(ProjectConfigurationPlatforms) = postSolution
		{346A6C90-DDA0-49F5-801E-CDC044C5E072}.Debug|Any CPU.ActiveCfg = Debug|Any CPU
		{346A6C90-DDA0-49F5-801E-CDC044C5E072}.Debug|Any CPU.Build.0 = Debug|Any CPU
		{346A6C90-DDA0-49F5-801E-CDC044C5E072}.Release|Any CPU.ActiveCfg = Release|Any CPU
		{346A6C90-DDA0-49F5-801E-CDC044C5E072}.Release|Any CPU.Build.0 = Release|Any CPU
	EndGlobalSection
	GlobalSection(SolutionProperties) = preSolution
		HideSolutionNode = FALSE
	EndGlobalSection
	GlobalSection(ExtensibilityGlobals) = postSolution
		SolutionGuid = {74498755-4FB7-4B91-ACDE-C8231B2A71B1}
	EndGlobalSection
EndGlobal
